# This file is automatically @generated by Cargo.
# It is not intended for manual editing.
version = 4

[[package]]
name = "nwcli"
version = "0.1.0"
dependencies = [
 "nwparser",
 "nwtranspiler",
]

[[package]]
name = "nwparser"
version = "0.1.0"

[[package]]
name = "nwtranspiler"
version = "0.1.0"
dependencies = [
 "nwparser",
]
